// !$*UTF8*$!
{
	archiveVersion = 1;
	classes = {
	};
	objectVersion = 50;
	objects = {

/* Begin PBXBuildFile section */
		03DB61B521A6C8FF00D775B4 /* AppDelegate.swift in Sources */ = {isa = PBXBuildFile; fileRef = 03DB61B421A6C8FF00D775B4 /* AppDelegate.swift */; };
		03DB61B721A6C8FF00D775B4 /* ViewController.swift in Sources */ = {isa = PBXBuildFile; fileRef = 03DB61B621A6C8FF00D775B4 /* ViewController.swift */; };
		03DB61BA21A6C8FF00D775B4 /* Main.storyboard in Resources */ = {isa = PBXBuildFile; fileRef = 03DB61B821A6C8FF00D775B4 /* Main.storyboard */; };
		03DB61BC21A6C8FF00D775B4 /* Assets.xcassets in Resources */ = {isa = PBXBuildFile; fileRef = 03DB61BB21A6C8FF00D775B4 /* Assets.xcassets */; };
		03DB61BF21A6C8FF00D775B4 /* LaunchScreen.storyboard in Resources */ = {isa = PBXBuildFile; fileRef = 03DB61BD21A6C8FF00D775B4 /* LaunchScreen.storyboard */; };
		03DB61C721A6C96600D775B4 /* XibViewController.xib in Resources */ = {isa = PBXBuildFile; fileRef = 03DB61C621A6C96600D775B4 /* XibViewController.xib */; };
		03DB61C921A6C96C00D775B4 /* XibViewController.swift in Sources */ = {isa = PBXBuildFile; fileRef = 03DB61C821A6C96C00D775B4 /* XibViewController.swift */; };
/* End PBXBuildFile section */

/* Begin PBXFileReference section */
		03DB61B121A6C8FF00D775B4 /* ViewControllerInsideXib.app */ = {isa = PBXFileReference; explicitFileType = wrapper.application; includeInIndex = 0; path = ViewControllerInsideXib.app; sourceTree = BUILT_PRODUCTS_DIR; };
		03DB61B421A6C8FF00D775B4 /* AppDelegate.swift */ = {isa = PBXFileReference; lastKnownFileType = sourcecode.swift; path = AppDelegate.swift; sourceTree = "<group>"; };
		03DB61B621A6C8FF00D775B4 /* ViewController.swift */ = {isa = PBXFileReference; lastKnownFileType = sourcecode.swift; path = ViewController.swift; sourceTree = "<group>"; };
		03DB61B921A6C8FF00D775B4 /* Base */ = {isa = PBXFileReference; lastKnownFileType = file.storyboard; name = Base; path = Base.lproj/Main.storyboard; sourceTree = "<group>"; };
		03DB61BB21A6C8FF00D775B4 /* Assets.xcassets */ = {isa = PBXFileReference; lastKnownFileType = folder.assetcatalog; path = Assets.xcassets; sourceTree = "<group>"; };
		03DB61BE21A6C8FF00D775B4 /* Base */ = {isa = PBXFileReference; lastKnownFileType = file.storyboard; name = Base; path = Base.lproj/LaunchScreen.storyboard; sourceTree = "<group>"; };
		03DB61C021A6C8FF00D775B4 /* Info.plist */ = {isa = PBXFileReference; lastKnownFileType = text.plist.xml; path = Info.plist; sourceTree = "<group>"; };
		03DB61C621A6C96600D775B4 /* XibViewController.xib */ = {isa = PBXFileReference; lastKnownFileType = file.xib; path = XibViewController.xib; sourceTree = "<group>"; };
		03DB61C821A6C96C00D775B4 /* XibViewController.swift */ = {isa = PBXFileReference; lastKnownFileType = sourcecode.swift; path = XibViewController.swift; sourceTree = "<group>"; };
/* End PBXFileReference section */

/* Begin PBXFrameworksBuildPhase section */
		03DB61AE21A6C8FF00D775B4 /* Frameworks */ = {
			isa = PBXFrameworksBuildPhase;
			buildActionMask = 2147483647;
			files = (
			);
			runOnlyForDeploymentPostprocessing = 0;
		};
/* End PBXFrameworksBuildPhase section */

/* Begin PBXGroup section */
		03DB61A821A6C8FF00D775B4 = {
			isa = PBXGroup;
			children = (
				03DB61B321A6C8FF00D775B4 /* ViewControllerInsideXib */,
				03DB61B221A6C8FF00D775B4 /* Products */,
			);
			sourceTree = "<group>";
		};
		03DB61B221A6C8FF00D775B4 /* Products */ = {
			isa = PBXGroup;
			children = (
				03DB61B121A6C8FF00D775B4 /* ViewControllerInsideXib.app */,
			);
			name = Products;
			sourceTree = "<group>";
		};
		03DB61B321A6C8FF00D775B4 /* ViewControllerInsideXib */ = {
			isa = PBXGroup;
			children = (
				03DB61B421A6C8FF00D775B4 /* AppDelegate.swift */,
				03DB61B621A6C8FF00D775B4 /* ViewController.swift */,
				03DB61CA21A6CA2200D775B4 /* XibViewController */,
				03DB61B821A6C8FF00D775B4 /* Main.storyboard */,
				03DB61BB21A6C8FF00D775B4 /* Assets.xcassets */,
				03DB61BD21A6C8FF00D775B4 /* LaunchScreen.storyboard */,
				03DB61C021A6C8FF00D775B4 /* Info.plist */,
			);
			path = ViewControllerInsideXib;
			sourceTree = "<group>";
		};
		03DB61CA21A6CA2200D775B4 /* XibViewController */ = {
			isa = PBXGroup;
			children = (
				03DB61C621A6C96600D775B4 /* XibViewController.xib */,
				03DB61C821A6C96C00D775B4 /* XibViewController.swift */,
			);
			path = XibViewController;
			sourceTree = "<group>";
		};
/* End PBXGroup section */

/* Begin PBXNativeTarget section */
		03DB61B021A6C8FF00D775B4 /* ViewControllerInsideXib */ = {
			isa = PBXNativeTarget;
			buildConfigurationList = 03DB61C321A6C8FF00D775B4 /* Build configuration list for PBXNativeTarget "ViewControllerInsideXib" */;
			buildPhases = (
				03DB61AD21A6C8FF00D775B4 /* Sources */,
				03DB61AE21A6C8FF00D775B4 /* Frameworks */,
				03DB61AF21A6C8FF00D775B4 /* Resources */,
			);
			buildRules = (
			);
			dependencies = (
			);
			name = ViewControllerInsideXib;
			productName = ViewControllerInsideXib;
			productReference = 03DB61B121A6C8FF00D775B4 /* ViewControllerInsideXib.app */;
			productType = "com.apple.product-type.application";
		};
/* End PBXNativeTarget section */

/* Begin PBXProject section */
		03DB61A921A6C8FF00D775B4 /* Project object */ = {
			isa = PBXProject;
			attributes = {
				LastSwiftUpdateCheck = 1010;
				LastUpgradeCheck = 1010;
				ORGANIZATIONNAME = "Stoyan Stoyanov";
				TargetAttributes = {
					03DB61B021A6C8FF00D775B4 = {
						CreatedOnToolsVersion = 10.1;
					};
				};
			};
			buildConfigurationList = 03DB61AC21A6C8FF00D775B4 /* Build configuration list for PBXProject "ViewControllerInsideXib" */;
			compatibilityVersion = "Xcode 9.3";
			developmentRegion = en;
			hasScannedForEncodings = 0;
			knownRegions = (
				en,
				Base,
			);
			mainGroup = 03DB61A821A6C8FF00D775B4;
			productRefGroup = 03DB61B221A6C8FF00D775B4 /* Products */;
			projectDirPath = "";
			projectRoot = "";
			targets = (
				03DB61B021A6C8FF00D775B4 /* ViewControllerInsideXib */,
			);
		};
/* End PBXProject section */

/* Begin PBXResourcesBuildPhase section */
		03DB61AF21A6C8FF00D775B4 /* Resources */ = {
			isa = PBXResourcesBuildPhase;
			buildActionMask = 2147483647;
			files = (
				03DB61C721A6C96600D775B4 /* XibViewController.xib in Resources */,
				03DB61BF21A6C8FF00D775B4 /* LaunchScreen.storyboard in Resources */,
				03DB61BC21A6C8FF00D775B4 /* Assets.xcassets in Resources */,
				03DB61BA21A6C8FF00D775B4 /* Main.storyboard in Resources */,
			);
			runOnlyForDeploymentPostprocessing = 0;
		};
/* End PBXResourcesBuildPhase section */

/* Begin PBXSourcesBuildPhase section */
		03DB61AD21A6C8FF00D775B4 /* Sources */ = {
			isa = PBXSourcesBuildPhase;
			buildActionMask = 2147483647;
			files = (
				03DB61B721A6C8FF00D775B4 /* ViewController.swift in Sources */,
				03DB61B521A6C8FF00D775B4 /* AppDelegate.swift in Sources */,
				03DB61C921A6C96C00D775B4 /* XibViewController.swift in Sources */,
			);
			runOnlyForDeploymentPostprocessing = 0;
		};
/* End PBXSourcesBuildPhase section */

/* Begin PBXVariantGroup section */
		03DB61B821A6C8FF00D775B4 /* Main.storyboard */ = {
			isa = PBXVariantGroup;
			children = (
				03DB61B921A6C8FF00D775B4 /* Base */,
			);
			name = Main.storyboard;
			sourceTree = "<group>";
		};
		03DB61BD21A6C8FF00D775B4 /* LaunchScreen.storyboard */ = {
			isa = PBXVariantGroup;
			children = (
				03DB61BE21A6C8FF00D775B4 /* Base */,
			);
			name = LaunchScreen.storyboard;
			sourceTree = "<group>";
		};
/* End PBXVariantGroup section */

/* Begin XCBuildConfiguration section */
		03DB61C121A6C8FF00D775B4 /* Debug */ = {
			isa = XCBuildConfiguration;
			buildSettings = {
				ALWAYS_SEARCH_USER_PATHS = NO;
				CLANG_ANALYZER_NONNULL = YES;
				CLANG_ANALYZER_NUMBER_OBJECT_CONVERSION = YES_AGGRESSIVE;
				CLANG_CXX_LANGUAGE_STANDARD = "gnu++14";
				CLANG_CXX_LIBRARY = "libc++";
				CLANG_ENABLE_MODULES = YES;
				CLANG_ENABLE_OBJC_ARC = YES;
				CLANG_ENABLE_OBJC_WEAK = YES;
				CLANG_WARN_BLOCK_CAPTURE_AUTORELEASING = YES;
				CLANG_WARN_BOOL_CONVERSION = YES;
				CLANG_WARN_COMMA = YES;
				CLANG_WARN_CONSTANT_CONVERSION = YES;
				CLANG_WARN_DEPRECATED_OBJC_IMPLEMENTATIONS = YES;
				CLANG_WARN_DIRECT_OBJC_ISA_USAGE = YES_ERROR;
				CLANG_WARN_DOCUMENTATION_COMMENTS = YES;
				CLANG_WARN_EMPTY_BODY = YES;
				CLANG_WARN_ENUM_CONVERSION = YES;
				CLANG_WARN_INFINITE_RECURSION = YES;
				CLANG_WARN_INT_CONVERSION = YES;
				CLANG_WARN_NON_LITERAL_NULL_CONVERSION = YES;
				CLANG_WARN_OBJC_IMPLICIT_RETAIN_SELF = YES;
				CLANG_WARN_OBJC_LITERAL_CONVERSION = YES;
				CLANG_WARN_OBJC_ROOT_CLASS = YES_ERROR;
				CLANG_WARN_RANGE_LOOP_ANALYSIS = YES;
				CLANG_WARN_STRICT_PROTOTYPES = YES;
				CLANG_WARN_SUSPICIOUS_MOVE = YES;
				CLANG_WARN_UNGUARDED_AVAILABILITY = YES_AGGRESSIVE;
				CLANG_WARN_UNREACHABLE_CODE = YES;
				CLANG_WARN__DUPLICATE_METHOD_MATCH = YES;
				CODE_SIGN_IDENTITY = "iPhone Developer";
				COPY_PHASE_STRIP = NO;
				DEBUG_INFORMATION_FORMAT = dwarf;
				ENABLE_STRICT_OBJC_MSGSEND = YES;
				ENABLE_TESTABILITY = YES;
				GCC_C_LANGUAGE_STANDARD = gnu11;
				GCC_DYNAMIC_NO_PIC = NO;
				GCC_NO_COMMON_BLOCKS = YES;
				GCC_OPTIMIZATION_LEVEL = 0;
				GCC_PREPROCESSOR_DEFINITIONS = (
					"DEBUG=1",
					"$(inherited)",
				);
				GCC_WARN_64_TO_32_BIT_CONVERSION = YES;
				GCC_WARN_ABOUT_RETURN_TYPE = YES_ERROR;
				GCC_WARN_UNDECLARED_SELECTOR = YES;
				GCC_WARN_UNINITIALIZED_AUTOS = YES_AGGRESSIVE;
				GCC_WARN_UNUSED_FUNCTION = YES;
				GCC_WARN_UNUSED_VARIABLE = YES;
				IPHONEOS_DEPLOYMENT_TARGET = 12.1;
				MTL_ENABLE_DEBUG_INFO = INCLUDE_SOURCE;
				MTL_FAST_MATH = YES;
				ONLY_ACTIVE_ARCH = YES;
				SDKROOT = iphoneos;
				SWIFT_ACTIVE_COMPILATION_CONDITIONS = DEBUG;
				SWIFT_OPTIMIZATION_LEVEL = "-Onone";
			};
			name = Debug;
		};
		03DB61C221A6C8FF00D775B4 /* Release */ = {
			isa = XCBuildConfiguration;
			buildSettings = {
				ALWAYS_SEARCH_USER_PATHS = NO;
				CLANG_ANALYZER_NONNULL = YES;
				CLANG_ANALYZER_NUMBER_OBJECT_CONVERSION = YES_AGGRESSIVE;
				CLANG_CXX_LANGUAGE_STANDARD = "gnu++14";
				CLANG_CXX_LIBRARY = "libc++";
				CLANG_ENABLE_MODULES = YES;
				CLANG_ENABLE_OBJC_ARC = YES;
				CLANG_ENABLE_OBJC_WEAK = YES;
				CLANG_WARN_BLOCK_CAPTURE_AUTORELEASING = YES;
				CLANG_WARN_BOOL_CONVERSION = YES;
				CLANG_WARN_COMMA = YES;
				CLANG_WARN_CONSTANT_CONVERSION = YES;
				CLANG_WARN_DEPRECATED_OBJC_IMPLEMENTATIONS = YES;
				CLANG_WARN_DIRECT_OBJC_ISA_USAGE = YES_ERROR;
				CLANG_WARN_DOCUMENTATION_COMMENTS = YES;
				CLANG_WARN_EMPTY_BODY = YES;
				CLANG_WARN_ENUM_CONVERSION = YES;
				CLANG_WARN_INFINITE_RECURSION = YES;
				CLANG_WARN_INT_CONVERSION = YES;
				CLANG_WARN_NON_LITERAL_NULL_CONVERSION = YES;
				CLANG_WARN_OBJC_IMPLICIT_RETAIN_SELF = YES;
				CLANG_WARN_OBJC_LITERAL_CONVERSION = YES;
				CLANG_WARN_OBJC_ROOT_CLASS = YES_ERROR;
				CLANG_WARN_RANGE_LOOP_ANALYSIS = YES;
				CLANG_WARN_STRICT_PROTOTYPES = YES;
				CLANG_WARN_SUSPICIOUS_MOVE = YES;
				CLANG_WARN_UNGUARDED_AVAILABILITY = YES_AGGRESSIVE;
				CLANG_WARN_UNREACHABLE_CODE = YES;
				CLANG_WARN__DUPLICATE_METHOD_MATCH = YES;
				CODE_SIGN_IDENTITY = "iPhone Developer";
				COPY_PHASE_STRIP = NO;
				DEBUG_INFORMATION_FORMAT = "dwarf-with-dsym";
				ENABLE_NS_ASSERTIONS = NO;
				ENABLE_STRICT_OBJC_MSGSEND = YES;
				GCC_C_LANGUAGE_STANDARD = gnu11;
				GCC_NO_COMMON_BLOCKS = YES;
				GCC_WARN_64_TO_32_BIT_CONVERSION = YES;
				GCC_WARN_ABOUT_RETURN_TYPE = YES_ERROR;
				GCC_WARN_UNDECLARED_SELECTOR = YES;
				GCC_WARN_UNINITIALIZED_AUTOS = YES_AGGRESSIVE;
				GCC_WARN_UNUSED_FUNCTION = YES;
				GCC_WARN_UNUSED_VARIABLE = YES;
				IPHONEOS_DEPLOYMENT_TARGET = 12.1;
				MTL_ENABLE_DEBUG_INFO = NO;
				MTL_FAST_MATH = YES;
				SDKROOT = iphoneos;
				SWIFT_COMPILATION_MODE = wholemodule;
				SWIFT_OPTIMIZATION_LEVEL = "-O";
				VALIDATE_PRODUCT = YES;
			};
			name = Release;
		};
		03DB61C421A6C8FF00D775B4 /* Debug */ = {
			isa = XCBuildConfiguration;
			buildSettings = {
				ASSETCATALOG_COMPILER_APPICON_NAME = AppIcon;
				CODE_SIGN_STYLE = Automatic;
				DEVELOPMENT_TEAM = PPF77J63K7;
				INFOPLIST_FILE = ViewControllerInsideXib/Info.plist;
				LD_RUNPATH_SEARCH_PATHS = (
					"$(inherited)",
					"@executable_path/Frameworks",
				);
				PRODUCT_BUNDLE_IDENTIFIER = com.lionheartapplications.ViewControllerInsideXib;
				PRODUCT_NAME = "$(TARGET_NAME)";
				SWIFT_VERSION = 4.2;
				TARGETED_DEVICE_FAMILY = "1,2";
			};
			name = Debug;
		};
		03DB61C521A6C8FF00D775B4 /* Release */ = {
			isa = XCBuildConfiguration;
			buildSettings = {
				ASSETCATALOG_COMPILER_APPICON_NAME = AppIcon;
				CODE_SIGN_STYLE = Automatic;
				DEVELOPMENT_TEAM = PPF77J63K7;
				INFOPLIST_FILE = ViewControllerInsideXib/Info.plist;
				LD_RUNPATH_SEARCH_PATHS = (
					"$(inherited)",
					"@executable_path/Frameworks",
				);
				PRODUCT_BUNDLE_IDENTIFIER = com.lionheartapplications.ViewControllerInsideXib;
				PRODUCT_NAME = "$(TARGET_NAME)";
				SWIFT_VERSION = 4.2;
				TARGETED_DEVICE_FAMILY = "1,2";
			};
			name = Release;
		};
/* End XCBuildConfiguration section */

/* Begin XCConfigurationList section */
		03DB61AC21A6C8FF00D775B4 /* Build configuration list for PBXProject "ViewControllerInsideXib" */ = {
			isa = XCConfigurationList;
			buildConfigurations = (
				03DB61C121A6C8FF00D775B4 /* Debug */,
				03DB61C221A6C8FF00D775B4 /* Release */,
			);
			defaultConfigurationIsVisible = 0;
			defaultConfigurationName = Release;
		};
		03DB61C321A6C8FF00D775B4 /* Build configuration list for PBXNativeTarget "ViewControllerInsideXib" */ = {
			isa = XCConfigurationList;
			buildConfigurations = (
				03DB61C421A6C8FF00D775B4 /* Debug */,
				03DB61C521A6C8FF00D775B4 /* Release */,
			);
			defaultConfigurationIsVisible = 0;
			defaultConfigurationName = Release;
		};
/* End XCConfigurationList section */
	};
	rootObject = 03DB61A921A6C8FF00D775B4 /* Project object */;
}
